
Microsoft Visual Studio Solution File, Format Version 12.00
Project("{FAE04EC0-301F-11D3-BF4B-00C04F79EFBC}") = "GitlabTask", "GitlabTask\GitlabTask.csproj", "{B3DDAE83-5AEF-43DE-B480-8F0FAF3ED8BD}"
EndProject
Project("{FAE04EC0-301F-11D3-BF4B-00C04F79EFBC}") = "GitlabTask.Tests", "GitlabTask.Tests\GitlabTask.Tests.csproj", "{862262B2-4F1C-4400-90F7-F9C661F5BC17}"
EndProject
Global
	GlobalSection(SolutionConfigurationPlatforms) = preSolution
		Debug|Any CPU = Debug|Any CPU
		Release|Any CPU = Release|Any CPU
	EndGlobalSection
	GlobalSection(ProjectConfigurationPlatforms) = postSolution
		{B3DDAE83-5AEF-43DE-B480-8F0FAF3ED8BD}.Debug|Any CPU.ActiveCfg = Debug|Any CPU
		{B3DDAE83-5AEF-43DE-B480-8F0FAF3ED8BD}.Debug|Any CPU.Build.0 = Debug|Any CPU
		{B3DDAE83-5AEF-43DE-B480-8F0FAF3ED8BD}.Release|Any CPU.ActiveCfg = Release|Any CPU
		{B3DDAE83-5AEF-43DE-B480-8F0FAF3ED8BD}.Release|Any CPU.Build.0 = Release|Any CPU
		{862262B2-4F1C-4400-90F7-F9C661F5BC17}.Debug|Any CPU.ActiveCfg = Debug|Any CPU
		{862262B2-4F1C-4400-90F7-F9C661F5BC17}.Debug|Any CPU.Build.0 = Debug|Any CPU
		{862262B2-4F1C-4400-90F7-F9C661F5BC17}.Release|Any CPU.ActiveCfg = Release|Any CPU
		{862262B2-4F1C-4400-90F7-F9C661F5BC17}.Release|Any CPU.Build.0 = Release|Any CPU
	EndGlobalSection
EndGlobal
